// !$*UTF8*$!
{
	archiveVersion = 1;
	classes = {
	};
	objectVersion = 46;
	objects = {

/* Begin PBXBuildFile section */
		D53BF36A1D1B704900E5D2A9 /* AppDelegate.swift in Sources */ = {isa = PBXBuildFile; fileRef = D53BF3691D1B704900E5D2A9 /* AppDelegate.swift */; };
		D53BF36C1D1B704900E5D2A9 /* ViewController.swift in Sources */ = {isa = PBXBuildFile; fileRef = D53BF36B1D1B704900E5D2A9 /* ViewController.swift */; };
		D53BF36F1D1B704900E5D2A9 /* Main.storyboard in Resources */ = {isa = PBXBuildFile; fileRef = D53BF36D1D1B704900E5D2A9 /* Main.storyboard */; };
		D53BF3711D1B704900E5D2A9 /* Assets.xcassets in Resources */ = {isa = PBXBuildFile; fileRef = D53BF3701D1B704900E5D2A9 /* Assets.xcassets */; };
		D53BF3741D1B704900E5D2A9 /* LaunchScreen.storyboard in Resources */ = {isa = PBXBuildFile; fileRef = D53BF3721D1B704900E5D2A9 /* LaunchScreen.storyboard */; };
		D5415BD71D1F39D1000C7C6F /* ColorModel.swift in Sources */ = {isa = PBXBuildFile; fileRef = D5415BD61D1F39D1000C7C6F /* ColorModel.swift */; };
		D5415BD91D1F4663000C7C6F /* FunFacts in Resources */ = {isa = PBXBuildFile; fileRef = D5415BD81D1F4663000C7C6F /* FunFacts */; };
		D5819FD61D1F189200F3DA58 /* FactModel.swift in Sources */ = {isa = PBXBuildFile; fileRef = D5819FD51D1F189200F3DA58 /* FactModel.swift */; };
/* End PBXBuildFile section */

/* Begin PBXFileReference section */
		D53BF3661D1B704900E5D2A9 /* FunFacts.app */ = {isa = PBXFileReference; explicitFileType = wrapper.application; includeInIndex = 0; path = FunFacts.app; sourceTree = BUILT_PRODUCTS_DIR; };
		D53BF3691D1B704900E5D2A9 /* AppDelegate.swift */ = {isa = PBXFileReference; lastKnownFileType = sourcecode.swift; path = AppDelegate.swift; sourceTree = "<group>"; };
		D53BF36B1D1B704900E5D2A9 /* ViewController.swift */ = {isa = PBXFileReference; lastKnownFileType = sourcecode.swift; path = ViewController.swift; sourceTree = "<group>"; };
		D53BF36E1D1B704900E5D2A9 /* Base */ = {isa = PBXFileReference; lastKnownFileType = file.storyboard; name = Base; path = Base.lproj/Main.storyboard; sourceTree = "<group>"; };
		D53BF3701D1B704900E5D2A9 /* Assets.xcassets */ = {isa = PBXFileReference; lastKnownFileType = folder.assetcatalog; path = Assets.xcassets; sourceTree = "<group>"; };
		D53BF3731D1B704900E5D2A9 /* Base */ = {isa = PBXFileReference; lastKnownFileType = file.storyboard; name = Base; path = Base.lproj/LaunchScreen.storyboard; sourceTree = "<group>"; };
		D53BF3751D1B704900E5D2A9 /* Info.plist */ = {isa = PBXFileReference; lastKnownFileType = text.plist.xml; path = Info.plist; sourceTree = "<group>"; };
		D5415BD61D1F39D1000C7C6F /* ColorModel.swift */ = {isa = PBXFileReference; fileEncoding = 4; lastKnownFileType = sourcecode.swift; path = ColorModel.swift; sourceTree = "<group>"; };
		D5415BD81D1F4663000C7C6F /* FunFacts */ = {isa = PBXFileReference; lastKnownFileType = folder; path = FunFacts; sourceTree = "<group>"; };
		D5819FD51D1F189200F3DA58 /* FactModel.swift */ = {isa = PBXFileReference; fileEncoding = 4; lastKnownFileType = sourcecode.swift; path = FactModel.swift; sourceTree = "<group>"; };
/* End PBXFileReference section */

/* Begin PBXFrameworksBuildPhase section */
		D53BF3631D1B704900E5D2A9 /* Frameworks */ = {
			isa = PBXFrameworksBuildPhase;
			buildActionMask = 2147483647;
			files = (
			);
			runOnlyForDeploymentPostprocessing = 0;
		};
/* End PBXFrameworksBuildPhase section */

/* Begin PBXGroup section */
		D53BF35D1D1B704900E5D2A9 = {
			isa = PBXGroup;
			children = (
				D53BF3681D1B704900E5D2A9 /* FunFacts */,
				D53BF3671D1B704900E5D2A9 /* Products */,
			);
			sourceTree = "<group>";
		};
		D53BF3671D1B704900E5D2A9 /* Products */ = {
			isa = PBXGroup;
			children = (
				D53BF3661D1B704900E5D2A9 /* FunFacts.app */,
			);
			name = Products;
			sourceTree = "<group>";
		};
		D53BF3681D1B704900E5D2A9 /* FunFacts */ = {
			isa = PBXGroup;
			children = (
				D53BF3691D1B704900E5D2A9 /* AppDelegate.swift */,
				D53BF36B1D1B704900E5D2A9 /* ViewController.swift */,
				D53BF36D1D1B704900E5D2A9 /* Main.storyboard */,
				D53BF3701D1B704900E5D2A9 /* Assets.xcassets */,
				D53BF3721D1B704900E5D2A9 /* LaunchScreen.storyboard */,
				D53BF3751D1B704900E5D2A9 /* Info.plist */,
				D5819FD51D1F189200F3DA58 /* FactModel.swift */,
				D5415BD61D1F39D1000C7C6F /* ColorModel.swift */,
				D5415BD81D1F4663000C7C6F /* FunFacts */,
			);
			path = FunFacts;
			sourceTree = "<group>";
		};
/* End PBXGroup section */

/* Begin PBXNativeTarget section */
		D53BF3651D1B704900E5D2A9 /* FunFacts */ = {
			isa = PBXNativeTarget;
			buildConfigurationList = D53BF3781D1B704900E5D2A9 /* Build configuration list for PBXNativeTarget "FunFacts" */;
			buildPhases = (
				D53BF3621D1B704900E5D2A9 /* Sources */,
				D53BF3631D1B704900E5D2A9 /* Frameworks */,
				D53BF3641D1B704900E5D2A9 /* Resources */,
			);
			buildRules = (
			);
			dependencies = (
			);
			name = FunFacts;
			productName = FunFacts;
			productReference = D53BF3661D1B704900E5D2A9 /* FunFacts.app */;
			productType = "com.apple.product-type.application";
		};
/* End PBXNativeTarget section */

/* Begin PBXProject section */
		D53BF35E1D1B704900E5D2A9 /* Project object */ = {
			isa = PBXProject;
			attributes = {
				LastSwiftUpdateCheck = 0730;
				LastUpgradeCheck = 0730;
				ORGANIZATIONNAME = "Leanne Thng";
				TargetAttributes = {
					D53BF3651D1B704900E5D2A9 = {
						CreatedOnToolsVersion = 7.3.1;
						DevelopmentTeam = 6A4B87CKQ2;
					};
				};
			};
			buildConfigurationList = D53BF3611D1B704900E5D2A9 /* Build configuration list for PBXProject "FunFacts" */;
			compatibilityVersion = "Xcode 3.2";
			developmentRegion = English;
			hasScannedForEncodings = 0;
			knownRegions = (
				en,
				Base,
			);
			mainGroup = D53BF35D1D1B704900E5D2A9;
			productRefGroup = D53BF3671D1B704900E5D2A9 /* Products */;
			projectDirPath = "";
			projectRoot = "";
			targets = (
				D53BF3651D1B704900E5D2A9 /* FunFacts */,
			);
		};
/* End PBXProject section */

/* Begin PBXResourcesBuildPhase section */
		D53BF3641D1B704900E5D2A9 /* Resources */ = {
			isa = PBXResourcesBuildPhase;
			buildActionMask = 2147483647;
			files = (
				D53BF3741D1B704900E5D2A9 /* LaunchScreen.storyboard in Resources */,
				D53BF3711D1B704900E5D2A9 /* Assets.xcassets in Resources */,
				D5415BD91D1F4663000C7C6F /* FunFacts in Resources */,
				D53BF36F1D1B704900E5D2A9 /* Main.storyboard in Resources */,
			);
			runOnlyForDeploymentPostprocessing = 0;
		};
/* End PBXResourcesBuildPhase section */

/* Begin PBXSourcesBuildPhase section */
		D53BF3621D1B704900E5D2A9 /* Sources */ = {
			isa = PBXSourcesBuildPhase;
			buildActionMask = 2147483647;
			files = (
				D5819FD61D1F189200F3DA58 /* FactModel.swift in Sources */,
				D53BF36C1D1B704900E5D2A9 /* ViewController.swift in Sources */,
				D53BF36A1D1B704900E5D2A9 /* AppDelegate.swift in Sources */,
				D5415BD71D1F39D1000C7C6F /* ColorModel.swift in Sources */,
			);
			runOnlyForDeploymentPostprocessing = 0;
		};
/* End PBXSourcesBuildPhase section */

/* Begin PBXVariantGroup section */
		D53BF36D1D1B704900E5D2A9 /* Main.storyboard */ = {
			isa = PBXVariantGroup;
			children = (
				D53BF36E1D1B704900E5D2A9 /* Base */,
			);
			name = Main.storyboard;
			sourceTree = "<group>";
		};
		D53BF3721D1B704900E5D2A9 /* LaunchScreen.storyboard */ = {
			isa = PBXVariantGroup;
			children = (
				D53BF3731D1B704900E5D2A9 /* Base */,
			);
			name = LaunchScreen.storyboard;
			sourceTree = "<group>";
		};
/* End PBXVariantGroup section */

/* Begin XCBuildConfiguration section */
		D53BF3761D1B704900E5D2A9 /* Debug */ = {
			isa = XCBuildConfiguration;
			buildSettings = {
				ALWAYS_SEARCH_USER_PATHS = NO;
				CLANG_ANALYZER_NONNULL = YES;
				CLANG_CXX_LANGUAGE_STANDARD = "gnu++0x";
				CLANG_CXX_LIBRARY = "libc++";
				CLANG_ENABLE_MODULES = YES;
				CLANG_ENABLE_OBJC_ARC = YES;
				CLANG_WARN_BOOL_CONVERSION = YES;
				CLANG_WARN_CONSTANT_CONVERSION = YES;
				CLANG_WARN_DIRECT_OBJC_ISA_USAGE = YES_ERROR;
				CLANG_WARN_EMPTY_BODY = YES;
				CLANG_WARN_ENUM_CONVERSION = YES;
				CLANG_WARN_INT_CONVERSION = YES;
				CLANG_WARN_OBJC_ROOT_CLASS = YES_ERROR;
				CLANG_WARN_UNREACHABLE_CODE = YES;
				CLANG_WARN__DUPLICATE_METHOD_MATCH = YES;
				"CODE_SIGN_IDENTITY[sdk=iphoneos*]" = "iPhone Developer";
				COPY_PHASE_STRIP = NO;
				DEBUG_INFORMATION_FORMAT = dwarf;
				ENABLE_STRICT_OBJC_MSGSEND = YES;
				ENABLE_TESTABILITY = YES;
				GCC_C_LANGUAGE_STANDARD = gnu99;
				GCC_DYNAMIC_NO_PIC = NO;
				GCC_NO_COMMON_BLOCKS = YES;
				GCC_OPTIMIZATION_LEVEL = 0;
				GCC_PREPROCESSOR_DEFINITIONS = (
					"DEBUG=1",
					"$(inherited)",
				);
				GCC_WARN_64_TO_32_BIT_CONVERSION = YES;
				GCC_WARN_ABOUT_RETURN_TYPE = YES_ERROR;
				GCC_WARN_UNDECLARED_SELECTOR = YES;
				GCC_WARN_UNINITIALIZED_AUTOS = YES_AGGRESSIVE;
				GCC_WARN_UNUSED_FUNCTION = YES;
				GCC_WARN_UNUSED_VARIABLE = YES;
				IPHONEOS_DEPLOYMENT_TARGET = 9.3;
				MTL_ENABLE_DEBUG_INFO = YES;
				ONLY_ACTIVE_ARCH = YES;
				SDKROOT = iphoneos;
				SWIFT_OPTIMIZATION_LEVEL = "-Onone";
			};
			name = Debug;
		};
		D53BF3771D1B704900E5D2A9 /* Release */ = {
			isa = XCBuildConfiguration;
			buildSettings = {
				ALWAYS_SEARCH_USER_PATHS = NO;
				CLANG_ANALYZER_NONNULL = YES;
				CLANG_CXX_LANGUAGE_STANDARD = "gnu++0x";
				CLANG_CXX_LIBRARY = "libc++";
				CLANG_ENABLE_MODULES = YES;
				CLANG_ENABLE_OBJC_ARC = YES;
				CLANG_WARN_BOOL_CONVERSION = YES;
				CLANG_WARN_CONSTANT_CONVERSION = YES;
				CLANG_WARN_DIRECT_OBJC_ISA_USAGE = YES_ERROR;
				CLANG_WARN_EMPTY_BODY = YES;
				CLANG_WARN_ENUM_CONVERSION = YES;
				CLANG_WARN_INT_CONVERSION = YES;
				CLANG_WARN_OBJC_ROOT_CLASS = YES_ERROR;
				CLANG_WARN_UNREACHABLE_CODE = YES;
				CLANG_WARN__DUPLICATE_METHOD_MATCH = YES;
				"CODE_SIGN_IDENTITY[sdk=iphoneos*]" = "iPhone Developer";
				COPY_PHASE_STRIP = NO;
				DEBUG_INFORMATION_FORMAT = "dwarf-with-dsym";
				ENABLE_NS_ASSERTIONS = NO;
				ENABLE_STRICT_OBJC_MSGSEND = YES;
				GCC_C_LANGUAGE_STANDARD = gnu99;
				GCC_NO_COMMON_BLOCKS = YES;
				GCC_WARN_64_TO_32_BIT_CONVERSION = YES;
				GCC_WARN_ABOUT_RETURN_TYPE = YES_ERROR;
				GCC_WARN_UNDECLARED_SELECTOR = YES;
				GCC_WARN_UNINITIALIZED_AUTOS = YES_AGGRESSIVE;
				GCC_WARN_UNUSED_FUNCTION = YES;
				GCC_WARN_UNUSED_VARIABLE = YES;
				IPHONEOS_DEPLOYMENT_TARGET = 9.3;
				MTL_ENABLE_DEBUG_INFO = NO;
				SDKROOT = iphoneos;
				VALIDATE_PRODUCT = YES;
			};
			name = Release;
		};
		D53BF3791D1B704900E5D2A9 /* Debug */ = {
			isa = XCBuildConfiguration;
			buildSettings = {
				ASSETCATALOG_COMPILER_APPICON_NAME = AppIcon;
				CODE_SIGN_IDENTITY = "iPhone Developer";
				"CODE_SIGN_IDENTITY[sdk=iphoneos*]" = "iPhone Developer";
				INFOPLIST_FILE = FunFacts/Info.plist;
				LD_RUNPATH_SEARCH_PATHS = "$(inherited) @executable_path/Frameworks";
				PRODUCT_BUNDLE_IDENTIFIER = com.leannethng.FunFacts;
				PRODUCT_NAME = "$(TARGET_NAME)";
				PROVISIONING_PROFILE = "";
			};
			name = Debug;
		};
		D53BF37A1D1B704900E5D2A9 /* Release */ = {
			isa = XCBuildConfiguration;
			buildSettings = {
				ASSETCATALOG_COMPILER_APPICON_NAME = AppIcon;
				CODE_SIGN_IDENTITY = "iPhone Developer";
				"CODE_SIGN_IDENTITY[sdk=iphoneos*]" = "iPhone Developer";
				INFOPLIST_FILE = FunFacts/Info.plist;
				LD_RUNPATH_SEARCH_PATHS = "$(inherited) @executable_path/Frameworks";
				PRODUCT_BUNDLE_IDENTIFIER = com.leannethng.FunFacts;
				PRODUCT_NAME = "$(TARGET_NAME)";
				PROVISIONING_PROFILE = "";
			};
			name = Release;
		};
/* End XCBuildConfiguration section */

/* Begin XCConfigurationList section */
		D53BF3611D1B704900E5D2A9 /* Build configuration list for PBXProject "FunFacts" */ = {
			isa = XCConfigurationList;
			buildConfigurations = (
				D53BF3761D1B704900E5D2A9 /* Debug */,
				D53BF3771D1B704900E5D2A9 /* Release */,
			);
			defaultConfigurationIsVisible = 0;
			defaultConfigurationName = Release;
		};
		D53BF3781D1B704900E5D2A9 /* Build configuration list for PBXNativeTarget "FunFacts" */ = {
			isa = XCConfigurationList;
			buildConfigurations = (
				D53BF3791D1B704900E5D2A9 /* Debug */,
				D53BF37A1D1B704900E5D2A9 /* Release */,
			);
			defaultConfigurationIsVisible = 0;
			defaultConfigurationName = Release;
		};
/* End XCConfigurationList section */
	};
	rootObject = D53BF35E1D1B704900E5D2A9 /* Project object */;
}
